// !$*UTF8*$!
{
	archiveVersion = 1;
	classes = {
	};
	objectVersion = 46;
	objects = {

/* Begin PBXBuildFile section */
		384C8C0E1DB0D225001C1506 /* main.m in Sources */ = {isa = PBXBuildFile; fileRef = 384C8C0D1DB0D225001C1506 /* main.m */; };
		384C8C111DB0D225001C1506 /* AppDelegate.m in Sources */ = {isa = PBXBuildFile; fileRef = 384C8C101DB0D225001C1506 /* AppDelegate.m */; };
		384C8C141DB0D225001C1506 /* ViewController.m in Sources */ = {isa = PBXBuildFile; fileRef = 384C8C131DB0D225001C1506 /* ViewController.m */; };
		384C8C171DB0D225001C1506 /* Main.storyboard in Resources */ = {isa = PBXBuildFile; fileRef = 384C8C151DB0D225001C1506 /* Main.storyboard */; };
		384C8C191DB0D225001C1506 /* Assets.xcassets in Resources */ = {isa = PBXBuildFile; fileRef = 384C8C181DB0D225001C1506 /* Assets.xcassets */; };
		384C8C1C1DB0D225001C1506 /* LaunchScreen.storyboard in Resources */ = {isa = PBXBuildFile; fileRef = 384C8C1A1DB0D225001C1506 /* LaunchScreen.storyboard */; };
		384C8C271DB0D226001C1506 /* baiduMapProjectTests.m in Sources */ = {isa = PBXBuildFile; fileRef = 384C8C261DB0D226001C1506 /* baiduMapProjectTests.m */; };
		384C8C321DB0D226001C1506 /* baiduMapProjectUITests.m in Sources */ = {isa = PBXBuildFile; fileRef = 384C8C311DB0D226001C1506 /* baiduMapProjectUITests.m */; };
/* End PBXBuildFile section */

/* Begin PBXContainerItemProxy section */
		384C8C231DB0D226001C1506 /* PBXContainerItemProxy */ = {
			isa = PBXContainerItemProxy;
			containerPortal = 384C8C011DB0D225001C1506 /* Project object */;
			proxyType = 1;
			remoteGlobalIDString = 384C8C081DB0D225001C1506;
			remoteInfo = baiduMapProject;
		};
		384C8C2E1DB0D226001C1506 /* PBXContainerItemProxy */ = {
			isa = PBXContainerItemProxy;
			containerPortal = 384C8C011DB0D225001C1506 /* Project object */;
			proxyType = 1;
			remoteGlobalIDString = 384C8C081DB0D225001C1506;
			remoteInfo = baiduMapProject;
		};
/* End PBXContainerItemProxy section */

/* Begin PBXFileReference section */
		384C8C091DB0D225001C1506 /* baiduMapProject.app */ = {isa = PBXFileReference; explicitFileType = wrapper.application; includeInIndex = 0; path = baiduMapProject.app; sourceTree = BUILT_PRODUCTS_DIR; };
		384C8C0D1DB0D225001C1506 /* main.m */ = {isa = PBXFileReference; lastKnownFileType = sourcecode.c.objc; path = main.m; sourceTree = "<group>"; };
		384C8C0F1DB0D225001C1506 /* AppDelegate.h */ = {isa = PBXFileReference; lastKnownFileType = sourcecode.c.h; path = AppDelegate.h; sourceTree = "<group>"; };
		384C8C101DB0D225001C1506 /* AppDelegate.m */ = {isa = PBXFileReference; lastKnownFileType = sourcecode.c.objc; path = AppDelegate.m; sourceTree = "<group>"; };
		384C8C121DB0D225001C1506 /* ViewController.h */ = {isa = PBXFileReference; lastKnownFileType = sourcecode.c.h; path = ViewController.h; sourceTree = "<group>"; };
		384C8C131DB0D225001C1506 /* ViewController.m */ = {isa = PBXFileReference; lastKnownFileType = sourcecode.c.objc; path = ViewController.m; sourceTree = "<group>"; };
		384C8C161DB0D225001C1506 /* Base */ = {isa = PBXFileReference; lastKnownFileType = file.storyboard; name = Base; path = Base.lproj/Main.storyboard; sourceTree = "<group>"; };
		384C8C181DB0D225001C1506 /* Assets.xcassets */ = {isa = PBXFileReference; lastKnownFileType = folder.assetcatalog; path = Assets.xcassets; sourceTree = "<group>"; };
		384C8C1B1DB0D225001C1506 /* Base */ = {isa = PBXFileReference; lastKnownFileType = file.storyboard; name = Base; path = Base.lproj/LaunchScreen.storyboard; sourceTree = "<group>"; };
		384C8C1D1DB0D225001C1506 /* Info.plist */ = {isa = PBXFileReference; lastKnownFileType = text.plist.xml; path = Info.plist; sourceTree = "<group>"; };
		384C8C221DB0D226001C1506 /* baiduMapProjectTests.xctest */ = {isa = PBXFileReference; explicitFileType = wrapper.cfbundle; includeInIndex = 0; path = baiduMapProjectTests.xctest; sourceTree = BUILT_PRODUCTS_DIR; };
		384C8C261DB0D226001C1506 /* baiduMapProjectTests.m */ = {isa = PBXFileReference; lastKnownFileType = sourcecode.c.objc; path = baiduMapProjectTests.m; sourceTree = "<group>"; };
		384C8C281DB0D226001C1506 /* Info.plist */ = {isa = PBXFileReference; lastKnownFileType = text.plist.xml; path = Info.plist; sourceTree = "<group>"; };
		384C8C2D1DB0D226001C1506 /* baiduMapProjectUITests.xctest */ = {isa = PBXFileReference; explicitFileType = wrapper.cfbundle; includeInIndex = 0; path = baiduMapProjectUITests.xctest; sourceTree = BUILT_PRODUCTS_DIR; };
		384C8C311DB0D226001C1506 /* baiduMapProjectUITests.m */ = {isa = PBXFileReference; lastKnownFileType = sourcecode.c.objc; path = baiduMapProjectUITests.m; sourceTree = "<group>"; };
		384C8C331DB0D226001C1506 /* Info.plist */ = {isa = PBXFileReference; lastKnownFileType = text.plist.xml; path = Info.plist; sourceTree = "<group>"; };
/* End PBXFileReference section */

/* Begin PBXFrameworksBuildPhase section */
		384C8C061DB0D225001C1506 /* Frameworks */ = {
			isa = PBXFrameworksBuildPhase;
			buildActionMask = 2147483647;
			files = (
			);
			runOnlyForDeploymentPostprocessing = 0;
		};
		384C8C1F1DB0D226001C1506 /* Frameworks */ = {
			isa = PBXFrameworksBuildPhase;
			buildActionMask = 2147483647;
			files = (
			);
			runOnlyForDeploymentPostprocessing = 0;
		};
		384C8C2A1DB0D226001C1506 /* Frameworks */ = {
			isa = PBXFrameworksBuildPhase;
			buildActionMask = 2147483647;
			files = (
			);
			runOnlyForDeploymentPostprocessing = 0;
		};
/* End PBXFrameworksBuildPhase section */

/* Begin PBXGroup section */
		384C8C001DB0D225001C1506 = {
			isa = PBXGroup;
			children = (
				384C8C0B1DB0D225001C1506 /* baiduMapProject */,
				384C8C251DB0D226001C1506 /* baiduMapProjectTests */,
				384C8C301DB0D226001C1506 /* baiduMapProjectUITests */,
				384C8C0A1DB0D225001C1506 /* Products */,
			);
			sourceTree = "<group>";
		};
		384C8C0A1DB0D225001C1506 /* Products */ = {
			isa = PBXGroup;
			children = (
				384C8C091DB0D225001C1506 /* baiduMapProject.app */,
				384C8C221DB0D226001C1506 /* baiduMapProjectTests.xctest */,
				384C8C2D1DB0D226001C1506 /* baiduMapProjectUITests.xctest */,
			);
			name = Products;
			sourceTree = "<group>";
		};
		384C8C0B1DB0D225001C1506 /* baiduMapProject */ = {
			isa = PBXGroup;
			children = (
				384C8C0F1DB0D225001C1506 /* AppDelegate.h */,
				384C8C101DB0D225001C1506 /* AppDelegate.m */,
				384C8C121DB0D225001C1506 /* ViewController.h */,
				384C8C131DB0D225001C1506 /* ViewController.m */,
				384C8C151DB0D225001C1506 /* Main.storyboard */,
				384C8C181DB0D225001C1506 /* Assets.xcassets */,
				384C8C1A1DB0D225001C1506 /* LaunchScreen.storyboard */,
				384C8C1D1DB0D225001C1506 /* Info.plist */,
				384C8C0C1DB0D225001C1506 /* Supporting Files */,
			);
			path = baiduMapProject;
			sourceTree = "<group>";
		};
		384C8C0C1DB0D225001C1506 /* Supporting Files */ = {
			isa = PBXGroup;
			children = (
				384C8C0D1DB0D225001C1506 /* main.m */,
			);
			name = "Supporting Files";
			sourceTree = "<group>";
		};
		384C8C251DB0D226001C1506 /* baiduMapProjectTests */ = {
			isa = PBXGroup;
			children = (
				384C8C261DB0D226001C1506 /* baiduMapProjectTests.m */,
				384C8C281DB0D226001C1506 /* Info.plist */,
			);
			path = baiduMapProjectTests;
			sourceTree = "<group>";
		};
		384C8C301DB0D226001C1506 /* baiduMapProjectUITests */ = {
			isa = PBXGroup;
			children = (
				384C8C311DB0D226001C1506 /* baiduMapProjectUITests.m */,
				384C8C331DB0D226001C1506 /* Info.plist */,
			);
			path = baiduMapProjectUITests;
			sourceTree = "<group>";
		};
/* End PBXGroup section */

/* Begin PBXNativeTarget section */
		384C8C081DB0D225001C1506 /* baiduMapProject */ = {
			isa = PBXNativeTarget;
			buildConfigurationList = 384C8C361DB0D226001C1506 /* Build configuration list for PBXNativeTarget "baiduMapProject" */;
			buildPhases = (
				384C8C051DB0D225001C1506 /* Sources */,
				384C8C061DB0D225001C1506 /* Frameworks */,
				384C8C071DB0D225001C1506 /* Resources */,
			);
			buildRules = (
			);
			dependencies = (
			);
			name = baiduMapProject;
			productName = baiduMapProject;
			productReference = 384C8C091DB0D225001C1506 /* baiduMapProject.app */;
			productType = "com.apple.product-type.application";
		};
		384C8C211DB0D226001C1506 /* baiduMapProjectTests */ = {
			isa = PBXNativeTarget;
			buildConfigurationList = 384C8C391DB0D226001C1506 /* Build configuration list for PBXNativeTarget "baiduMapProjectTests" */;
			buildPhases = (
				384C8C1E1DB0D226001C1506 /* Sources */,
				384C8C1F1DB0D226001C1506 /* Frameworks */,
				384C8C201DB0D226001C1506 /* Resources */,
			);
			buildRules = (
			);
			dependencies = (
				384C8C241DB0D226001C1506 /* PBXTargetDependency */,
			);
			name = baiduMapProjectTests;
			productName = baiduMapProjectTests;
			productReference = 384C8C221DB0D226001C1506 /* baiduMapProjectTests.xctest */;
			productType = "com.apple.product-type.bundle.unit-test";
		};
		384C8C2C1DB0D226001C1506 /* baiduMapProjectUITests */ = {
			isa = PBXNativeTarget;
			buildConfigurationList = 384C8C3C1DB0D226001C1506 /* Build configuration list for PBXNativeTarget "baiduMapProjectUITests" */;
			buildPhases = (
				384C8C291DB0D226001C1506 /* Sources */,
				384C8C2A1DB0D226001C1506 /* Frameworks */,
				384C8C2B1DB0D226001C1506 /* Resources */,
			);
			buildRules = (
			);
			dependencies = (
				384C8C2F1DB0D226001C1506 /* PBXTargetDependency */,
			);
			name = baiduMapProjectUITests;
			productName = baiduMapProjectUITests;
			productReference = 384C8C2D1DB0D226001C1506 /* baiduMapProjectUITests.xctest */;
			productType = "com.apple.product-type.bundle.ui-testing";
		};
/* End PBXNativeTarget section */

/* Begin PBXProject section */
		384C8C011DB0D225001C1506 /* Project object */ = {
			isa = PBXProject;
			attributes = {
				LastUpgradeCheck = 0800;
				ORGANIZATIONNAME = YP;
				TargetAttributes = {
					384C8C081DB0D225001C1506 = {
						CreatedOnToolsVersion = 8.0;
						ProvisioningStyle = Automatic;
					};
					384C8C211DB0D226001C1506 = {
						CreatedOnToolsVersion = 8.0;
						ProvisioningStyle = Automatic;
						TestTargetID = 384C8C081DB0D225001C1506;
					};
					384C8C2C1DB0D226001C1506 = {
						CreatedOnToolsVersion = 8.0;
						ProvisioningStyle = Automatic;
						TestTargetID = 384C8C081DB0D225001C1506;
					};
				};
			};
			buildConfigurationList = 384C8C041DB0D225001C1506 /* Build configuration list for PBXProject "baiduMapProject" */;
			compatibilityVersion = "Xcode 3.2";
			developmentRegion = English;
			hasScannedForEncodings = 0;
			knownRegions = (
				en,
				Base,
			);
			mainGroup = 384C8C001DB0D225001C1506;
			productRefGroup = 384C8C0A1DB0D225001C1506 /* Products */;
			projectDirPath = "";
			projectRoot = "";
			targets = (
				384C8C081DB0D225001C1506 /* baiduMapProject */,
				384C8C211DB0D226001C1506 /* baiduMapProjectTests */,
				384C8C2C1DB0D226001C1506 /* baiduMapProjectUITests */,
			);
		};
/* End PBXProject section */

/* Begin PBXResourcesBuildPhase section */
		384C8C071DB0D225001C1506 /* Resources */ = {
			isa = PBXResourcesBuildPhase;
			buildActionMask = 2147483647;
			files = (
				384C8C1C1DB0D225001C1506 /* LaunchScreen.storyboard in Resources */,
				384C8C191DB0D225001C1506 /* Assets.xcassets in Resources */,
				384C8C171DB0D225001C1506 /* Main.storyboard in Resources */,
			);
			runOnlyForDeploymentPostprocessing = 0;
		};
		384C8C201DB0D226001C1506 /* Resources */ = {
			isa = PBXResourcesBuildPhase;
			buildActionMask = 2147483647;
			files = (
			);
			runOnlyForDeploymentPostprocessing = 0;
		};
		384C8C2B1DB0D226001C1506 /* Resources */ = {
			isa = PBXResourcesBuildPhase;
			buildActionMask = 2147483647;
			files = (
			);
			runOnlyForDeploymentPostprocessing = 0;
		};
/* End PBXResourcesBuildPhase section */

/* Begin PBXSourcesBuildPhase section */
		384C8C051DB0D225001C1506 /* Sources */ = {
			isa = PBXSourcesBuildPhase;
			buildActionMask = 2147483647;
			files = (
				384C8C141DB0D225001C1506 /* ViewController.m in Sources */,
				384C8C111DB0D225001C1506 /* AppDelegate.m in Sources */,
				384C8C0E1DB0D225001C1506 /* main.m in Sources */,
			);
			runOnlyForDeploymentPostprocessing = 0;
		};
		384C8C1E1DB0D226001C1506 /* Sources */ = {
			isa = PBXSourcesBuildPhase;
			buildActionMask = 2147483647;
			files = (
				384C8C271DB0D226001C1506 /* baiduMapProjectTests.m in Sources */,
			);
			runOnlyForDeploymentPostprocessing = 0;
		};
		384C8C291DB0D226001C1506 /* Sources */ = {
			isa = PBXSourcesBuildPhase;
			buildActionMask = 2147483647;
			files = (
				384C8C321DB0D226001C1506 /* baiduMapProjectUITests.m in Sources */,
			);
			runOnlyForDeploymentPostprocessing = 0;
		};
/* End PBXSourcesBuildPhase section */

/* Begin PBXTargetDependency section */
		384C8C241DB0D226001C1506 /* PBXTargetDependency */ = {
			isa = PBXTargetDependency;
			target = 384C8C081DB0D225001C1506 /* baiduMapProject */;
			targetProxy = 384C8C231DB0D226001C1506 /* PBXContainerItemProxy */;
		};
		384C8C2F1DB0D226001C1506 /* PBXTargetDependency */ = {
			isa = PBXTargetDependency;
			target = 384C8C081DB0D225001C1506 /* baiduMapProject */;
			targetProxy = 384C8C2E1DB0D226001C1506 /* PBXContainerItemProxy */;
		};
/* End PBXTargetDependency section */

/* Begin PBXVariantGroup section */
		384C8C151DB0D225001C1506 /* Main.storyboard */ = {
			isa = PBXVariantGroup;
			children = (
				384C8C161DB0D225001C1506 /* Base */,
			);
			name = Main.storyboard;
			sourceTree = "<group>";
		};
		384C8C1A1DB0D225001C1506 /* LaunchScreen.storyboard */ = {
			isa = PBXVariantGroup;
			children = (
				384C8C1B1DB0D225001C1506 /* Base */,
			);
			name = LaunchScreen.storyboard;
			sourceTree = "<group>";
		};
/* End PBXVariantGroup section */

/* Begin XCBuildConfiguration section */
		384C8C341DB0D226001C1506 /* Debug */ = {
			isa = XCBuildConfiguration;
			buildSettings = {
				ALWAYS_SEARCH_USER_PATHS = NO;
				CLANG_ANALYZER_NONNULL = YES;
				CLANG_CXX_LANGUAGE_STANDARD = "gnu++0x";
				CLANG_CXX_LIBRARY = "libc++";
				CLANG_ENABLE_MODULES = YES;
				CLANG_ENABLE_OBJC_ARC = YES;
				CLANG_WARN_BOOL_CONVERSION = YES;
				CLANG_WARN_CONSTANT_CONVERSION = YES;
				CLANG_WARN_DIRECT_OBJC_ISA_USAGE = YES_ERROR;
				CLANG_WARN_DOCUMENTATION_COMMENTS = YES;
				CLANG_WARN_EMPTY_BODY = YES;
				CLANG_WARN_ENUM_CONVERSION = YES;
				CLANG_WARN_INFINITE_RECURSION = YES;
				CLANG_WARN_INT_CONVERSION = YES;
				CLANG_WARN_OBJC_ROOT_CLASS = YES_ERROR;
				CLANG_WARN_SUSPICIOUS_MOVES = YES;
				CLANG_WARN_UNREACHABLE_CODE = YES;
				CLANG_WARN__DUPLICATE_METHOD_MATCH = YES;
				"CODE_SIGN_IDENTITY[sdk=iphoneos*]" = "iPhone Developer";
				COPY_PHASE_STRIP = NO;
				DEBUG_INFORMATION_FORMAT = dwarf;
				ENABLE_STRICT_OBJC_MSGSEND = YES;
				ENABLE_TESTABILITY = YES;
				GCC_C_LANGUAGE_STANDARD = gnu99;
				GCC_DYNAMIC_NO_PIC = NO;
				GCC_NO_COMMON_BLOCKS = YES;
				GCC_OPTIMIZATION_LEVEL = 0;
				GCC_PREPROCESSOR_DEFINITIONS = (
					"DEBUG=1",
					"$(inherited)",
				);
				GCC_WARN_64_TO_32_BIT_CONVERSION = YES;
				GCC_WARN_ABOUT_RETURN_TYPE = YES_ERROR;
				GCC_WARN_UNDECLARED_SELECTOR = YES;
				GCC_WARN_UNINITIALIZED_AUTOS = YES_AGGRESSIVE;
				GCC_WARN_UNUSED_FUNCTION = YES;
				GCC_WARN_UNUSED_VARIABLE = YES;
				IPHONEOS_DEPLOYMENT_TARGET = 10.0;
				MTL_ENABLE_DEBUG_INFO = YES;
				ONLY_ACTIVE_ARCH = YES;
				SDKROOT = iphoneos;
			};
			name = Debug;
		};
		384C8C351DB0D226001C1506 /* Release */ = {
			isa = XCBuildConfiguration;
			buildSettings = {
				ALWAYS_SEARCH_USER_PATHS = NO;
				CLANG_ANALYZER_NONNULL = YES;
				CLANG_CXX_LANGUAGE_STANDARD = "gnu++0x";
				CLANG_CXX_LIBRARY = "libc++";
				CLANG_ENABLE_MODULES = YES;
				CLANG_ENABLE_OBJC_ARC = YES;
				CLANG_WARN_BOOL_CONVERSION = YES;
				CLANG_WARN_CONSTANT_CONVERSION = YES;
				CLANG_WARN_DIRECT_OBJC_ISA_USAGE = YES_ERROR;
				CLANG_WARN_DOCUMENTATION_COMMENTS = YES;
				CLANG_WARN_EMPTY_BODY = YES;
				CLANG_WARN_ENUM_CONVERSION = YES;
				CLANG_WARN_INFINITE_RECURSION = YES;
				CLANG_WARN_INT_CONVERSION = YES;
				CLANG_WARN_OBJC_ROOT_CLASS = YES_ERROR;
				CLANG_WARN_SUSPICIOUS_MOVES = YES;
				CLANG_WARN_UNREACHABLE_CODE = YES;
				CLANG_WARN__DUPLICATE_METHOD_MATCH = YES;
				"CODE_SIGN_IDENTITY[sdk=iphoneos*]" = "iPhone Developer";
				COPY_PHASE_STRIP = NO;
				DEBUG_INFORMATION_FORMAT = "dwarf-with-dsym";
				ENABLE_NS_ASSERTIONS = NO;
				ENABLE_STRICT_OBJC_MSGSEND = YES;
				GCC_C_LANGUAGE_STANDARD = gnu99;
				GCC_NO_COMMON_BLOCKS = YES;
				GCC_WARN_64_TO_32_BIT_CONVERSION = YES;
				GCC_WARN_ABOUT_RETURN_TYPE = YES_ERROR;
				GCC_WARN_UNDECLARED_SELECTOR = YES;
				GCC_WARN_UNINITIALIZED_AUTOS = YES_AGGRESSIVE;
				GCC_WARN_UNUSED_FUNCTION = YES;
				GCC_WARN_UNUSED_VARIABLE = YES;
				IPHONEOS_DEPLOYMENT_TARGET = 10.0;
				MTL_ENABLE_DEBUG_INFO = NO;
				SDKROOT = iphoneos;
				VALIDATE_PRODUCT = YES;
			};
			name = Release;
		};
		384C8C371DB0D226001C1506 /* Debug */ = {
			isa = XCBuildConfiguration;
			buildSettings = {
				ASSETCATALOG_COMPILER_APPICON_NAME = AppIcon;
				INFOPLIST_FILE = baiduMapProject/Info.plist;
				LD_RUNPATH_SEARCH_PATHS = "$(inherited) @executable_path/Frameworks";
				PRODUCT_BUNDLE_IDENTIFIER = developer.baiduMapProject;
				PRODUCT_NAME = "$(TARGET_NAME)";
			};
			name = Debug;
		};
		384C8C381DB0D226001C1506 /* Release */ = {
			isa = XCBuildConfiguration;
			buildSettings = {
				ASSETCATALOG_COMPILER_APPICON_NAME = AppIcon;
				INFOPLIST_FILE = baiduMapProject/Info.plist;
				LD_RUNPATH_SEARCH_PATHS = "$(inherited) @executable_path/Frameworks";
				PRODUCT_BUNDLE_IDENTIFIER = developer.baiduMapProject;
				PRODUCT_NAME = "$(TARGET_NAME)";
			};
			name = Release;
		};
		384C8C3A1DB0D226001C1506 /* Debug */ = {
			isa = XCBuildConfiguration;
			buildSettings = {
				BUNDLE_LOADER = "$(TEST_HOST)";
				INFOPLIST_FILE = baiduMapProjectTests/Info.plist;
				LD_RUNPATH_SEARCH_PATHS = "$(inherited) @executable_path/Frameworks @loader_path/Frameworks";
				PRODUCT_BUNDLE_IDENTIFIER = developer.baiduMapProjectTests;
				PRODUCT_NAME = "$(TARGET_NAME)";
				TEST_HOST = "$(BUILT_PRODUCTS_DIR)/baiduMapProject.app/baiduMapProject";
			};
			name = Debug;
		};
		384C8C3B1DB0D226001C1506 /* Release */ = {
			isa = XCBuildConfiguration;
			buildSettings = {
				BUNDLE_LOADER = "$(TEST_HOST)";
				INFOPLIST_FILE = baiduMapProjectTests/Info.plist;
				LD_RUNPATH_SEARCH_PATHS = "$(inherited) @executable_path/Frameworks @loader_path/Frameworks";
				PRODUCT_BUNDLE_IDENTIFIER = developer.baiduMapProjectTests;
				PRODUCT_NAME = "$(TARGET_NAME)";
				TEST_HOST = "$(BUILT_PRODUCTS_DIR)/baiduMapProject.app/baiduMapProject";
			};
			name = Release;
		};
		384C8C3D1DB0D226001C1506 /* Debug */ = {
			isa = XCBuildConfiguration;
			buildSettings = {
				INFOPLIST_FILE = baiduMapProjectUITests/Info.plist;
				LD_RUNPATH_SEARCH_PATHS = "$(inherited) @executable_path/Frameworks @loader_path/Frameworks";
				PRODUCT_BUNDLE_IDENTIFIER = developer.baiduMapProjectUITests;
				PRODUCT_NAME = "$(TARGET_NAME)";
				TEST_TARGET_NAME = baiduMapProject;
			};
			name = Debug;
		};
		384C8C3E1DB0D226001C1506 /* Release */ = {
			isa = XCBuildConfiguration;
			buildSettings = {
				INFOPLIST_FILE = baiduMapProjectUITests/Info.plist;
				LD_RUNPATH_SEARCH_PATHS = "$(inherited) @executable_path/Frameworks @loader_path/Frameworks";
				PRODUCT_BUNDLE_IDENTIFIER = developer.baiduMapProjectUITests;
				PRODUCT_NAME = "$(TARGET_NAME)";
				TEST_TARGET_NAME = baiduMapProject;
			};
			name = Release;
		};
/* End XCBuildConfiguration section */

/* Begin XCConfigurationList section */
		384C8C041DB0D225001C1506 /* Build configuration list for PBXProject "baiduMapProject" */ = {
			isa = XCConfigurationList;
			buildConfigurations = (
				384C8C341DB0D226001C1506 /* Debug */,
				384C8C351DB0D226001C1506 /* Release */,
			);
			defaultConfigurationIsVisible = 0;
			defaultConfigurationName = Release;
		};
		384C8C361DB0D226001C1506 /* Build configuration list for PBXNativeTarget "baiduMapProject" */ = {
			isa = XCConfigurationList;
			buildConfigurations = (
				384C8C371DB0D226001C1506 /* Debug */,
				384C8C381DB0D226001C1506 /* Release */,
			);
			defaultConfigurationIsVisible = 0;
		};
		384C8C391DB0D226001C1506 /* Build configuration list for PBXNativeTarget "baiduMapProjectTests" */ = {
			isa = XCConfigurationList;
			buildConfigurations = (
				384C8C3A1DB0D226001C1506 /* Debug */,
				384C8C3B1DB0D226001C1506 /* Release */,
			);
			defaultConfigurationIsVisible = 0;
		};
		384C8C3C1DB0D226001C1506 /* Build configuration list for PBXNativeTarget "baiduMapProjectUITests" */ = {
			isa = XCConfigurationList;
			buildConfigurations = (
				384C8C3D1DB0D226001C1506 /* Debug */,
				384C8C3E1DB0D226001C1506 /* Release */,
			);
			defaultConfigurationIsVisible = 0;
		};
/* End XCConfigurationList section */
	};
	rootObject = 384C8C011DB0D225001C1506 /* Project object */;
}
